
Microsoft Visual Studio Solution File, Format Version 12.00
# Visual Studio Version 16
VisualStudioVersion = 16.0.30225.117
MinimumVisualStudioVersion = 10.0.40219.1
Project("{FAE04EC0-301F-11D3-BF4B-00C04F79EFBC}") = "usart", "usart\usart.csproj", "{3217D36B-E4CB-407F-BDA3-4BBBD3C1B30A}"
EndProject
Project("{9A19103F-16F7-4668-BE54-9A1E7A4F7556}") = "decode_test", "decode_test\decode_test.csproj", "{D7F59F4C-2839-4319-A95E-6B03EBB84950}"
EndProject
Project("{FAE04EC0-301F-11D3-BF4B-00C04F79EFBC}") = "programmer", "programmer\programmer.csproj", "{54295AB2-80AF-416C-935E-540997FE1560}"
EndProject
Global
	GlobalSection(SolutionConfigurationPlatforms) = preSolution
		Debug|Any CPU = Debug|Any CPU
		Release|Any CPU = Release|Any CPU
	EndGlobalSection
	GlobalSection(ProjectConfigurationPlatforms) = postSolution
		{3217D36B-E4CB-407F-BDA3-4BBBD3C1B30A}.Debug|Any CPU.ActiveCfg = Debug|Any CPU
		{3217D36B-E4CB-407F-BDA3-4BBBD3C1B30A}.Debug|Any CPU.Build.0 = Debug|Any CPU
		{3217D36B-E4CB-407F-BDA3-4BBBD3C1B30A}.Release|Any CPU.ActiveCfg = Release|Any CPU
		{3217D36B-E4CB-407F-BDA3-4BBBD3C1B30A}.Release|Any CPU.Build.0 = Release|Any CPU
		{D7F59F4C-2839-4319-A95E-6B03EBB84950}.Debug|Any CPU.ActiveCfg = Debug|Any CPU
		{D7F59F4C-2839-4319-A95E-6B03EBB84950}.Debug|Any CPU.Build.0 = Debug|Any CPU
		{D7F59F4C-2839-4319-A95E-6B03EBB84950}.Release|Any CPU.ActiveCfg = Release|Any CPU
		{D7F59F4C-2839-4319-A95E-6B03EBB84950}.Release|Any CPU.Build.0 = Release|Any CPU
		{54295AB2-80AF-416C-935E-540997FE1560}.Debug|Any CPU.ActiveCfg = Debug|Any CPU
		{54295AB2-80AF-416C-935E-540997FE1560}.Debug|Any CPU.Build.0 = Debug|Any CPU
		{54295AB2-80AF-416C-935E-540997FE1560}.Release|Any CPU.ActiveCfg = Release|Any CPU
		{54295AB2-80AF-416C-935E-540997FE1560}.Release|Any CPU.Build.0 = Release|Any CPU
	EndGlobalSection
	GlobalSection(SolutionProperties) = preSolution
		HideSolutionNode = FALSE
	EndGlobalSection
	GlobalSection(ExtensibilityGlobals) = postSolution
		SolutionGuid = {AA0F4378-774A-49D3-905E-E69DC9E4520A}
	EndGlobalSection
EndGlobal
